
Microsoft Visual Studio Solution File, Format Version 12.00
# Visual Studio 15
VisualStudioVersion = 15.0.27130.2027
MinimumVisualStudioVersion = 10.0.40219.1
Project("{FAE04EC0-301F-11D3-BF4B-00C04F79EFBC}") = "FoodSave.DAL", "FoodSave\FoodSave.DAL.csproj", "{A73C6EF3-539D-40D2-9724-E045D6EAEA1D}"
EndProject
Project("{FAE04EC0-301F-11D3-BF4B-00C04F79EFBC}") = "FoodSave.Models", "FoodSave.Models\FoodSave.Models.csproj", "{DE21DC3A-9333-47E6-97CE-D0729E00A598}"
EndProject
Project("{FAE04EC0-301F-11D3-BF4B-00C04F79EFBC}") = "FoodSave.DAL.Tests", "FoodSave.DAL.Tests\FoodSave.DAL.Tests.csproj", "{1EE44ED6-C5B4-4B50-9B10-81618F83A949}"
EndProject
Global
	GlobalSection(SolutionConfigurationPlatforms) = preSolution
		Debug|Any CPU = Debug|Any CPU
		Release|Any CPU = Release|Any CPU
	EndGlobalSection
	GlobalSection(ProjectConfigurationPlatforms) = postSolution
		{A73C6EF3-539D-40D2-9724-E045D6EAEA1D}.Debug|Any CPU.ActiveCfg = Debug|Any CPU
		{A73C6EF3-539D-40D2-9724-E045D6EAEA1D}.Debug|Any CPU.Build.0 = Debug|Any CPU
		{A73C6EF3-539D-40D2-9724-E045D6EAEA1D}.Release|Any CPU.ActiveCfg = Release|Any CPU
		{A73C6EF3-539D-40D2-9724-E045D6EAEA1D}.Release|Any CPU.Build.0 = Release|Any CPU
		{DE21DC3A-9333-47E6-97CE-D0729E00A598}.Debug|Any CPU.ActiveCfg = Debug|Any CPU
		{DE21DC3A-9333-47E6-97CE-D0729E00A598}.Debug|Any CPU.Build.0 = Debug|Any CPU
		{DE21DC3A-9333-47E6-97CE-D0729E00A598}.Release|Any CPU.ActiveCfg = Release|Any CPU
		{DE21DC3A-9333-47E6-97CE-D0729E00A598}.Release|Any CPU.Build.0 = Release|Any CPU
		{1EE44ED6-C5B4-4B50-9B10-81618F83A949}.Debug|Any CPU.ActiveCfg = Debug|Any CPU
		{1EE44ED6-C5B4-4B50-9B10-81618F83A949}.Debug|Any CPU.Build.0 = Debug|Any CPU
		{1EE44ED6-C5B4-4B50-9B10-81618F83A949}.Release|Any CPU.ActiveCfg = Release|Any CPU
		{1EE44ED6-C5B4-4B50-9B10-81618F83A949}.Release|Any CPU.Build.0 = Release|Any CPU
	EndGlobalSection
	GlobalSection(SolutionProperties) = preSolution
		HideSolutionNode = FALSE
	EndGlobalSection
	GlobalSection(ExtensibilityGlobals) = postSolution
		SolutionGuid = {D139B79A-A115-49E6-9A9B-F969DDC4B5E6}
	EndGlobalSection
EndGlobal
